
Microsoft Visual Studio Solution File, Format Version 12.00
# Visual Studio Version 17
VisualStudioVersion = 17.3.32825.248
MinimumVisualStudioVersion = 10.0.40219.1
Project("{8BC9CEB8-8B4A-11D0-8D11-00A0C91BC942}") = "Task11_4", "Task11_4\Task11_4.vcxproj", "{322FE86F-6C4E-43D9-B794-DABDAB84C891}"
EndProject
Project("{8BC9CEB8-8B4A-11D0-8D11-00A0C91BC942}") = "Task11_3", "Task11_3\Task11_3.vcxproj", "{54AFC1FA-B0F6-482B-8215-9C01545B6B36}"
EndProject
Project("{8BC9CEB8-8B4A-11D0-8D11-00A0C91BC942}") = "Task11_2", "Task11_2\Task11_2.vcxproj", "{6DCDA08A-84CF-4C2A-955F-7064DBBD7240}"
EndProject
Global
	GlobalSection(SolutionConfigurationPlatforms) = preSolution
		Debug|x64 = Debug|x64
		Debug|x86 = Debug|x86
		Release|x64 = Release|x64
		Release|x86 = Release|x86
	EndGlobalSection
	GlobalSection(ProjectConfigurationPlatforms) = postSolution
		{322FE86F-6C4E-43D9-B794-DABDAB84C891}.Debug|x64.ActiveCfg = Debug|x64
		{322FE86F-6C4E-43D9-B794-DABDAB84C891}.Debug|x64.Build.0 = Debug|x64
		{322FE86F-6C4E-43D9-B794-DABDAB84C891}.Debug|x86.ActiveCfg = Debug|Win32
		{322FE86F-6C4E-43D9-B794-DABDAB84C891}.Debug|x86.Build.0 = Debug|Win32
		{322FE86F-6C4E-43D9-B794-DABDAB84C891}.Release|x64.ActiveCfg = Release|x64
		{322FE86F-6C4E-43D9-B794-DABDAB84C891}.Release|x64.Build.0 = Release|x64
		{322FE86F-6C4E-43D9-B794-DABDAB84C891}.Release|x86.ActiveCfg = Release|Win32
		{322FE86F-6C4E-43D9-B794-DABDAB84C891}.Release|x86.Build.0 = Release|Win32
		{54AFC1FA-B0F6-482B-8215-9C01545B6B36}.Debug|x64.ActiveCfg = Debug|x64
		{54AFC1FA-B0F6-482B-8215-9C01545B6B36}.Debug|x64.Build.0 = Debug|x64
		{54AFC1FA-B0F6-482B-8215-9C01545B6B36}.Debug|x86.ActiveCfg = Debug|Win32
		{54AFC1FA-B0F6-482B-8215-9C01545B6B36}.Debug|x86.Build.0 = Debug|Win32
		{54AFC1FA-B0F6-482B-8215-9C01545B6B36}.Release|x64.ActiveCfg = Release|x64
		{54AFC1FA-B0F6-482B-8215-9C01545B6B36}.Release|x64.Build.0 = Release|x64
		{54AFC1FA-B0F6-482B-8215-9C01545B6B36}.Release|x86.ActiveCfg = Release|Win32
		{54AFC1FA-B0F6-482B-8215-9C01545B6B36}.Release|x86.Build.0 = Release|Win32
		{6DCDA08A-84CF-4C2A-955F-7064DBBD7240}.Debug|x64.ActiveCfg = Debug|x64
		{6DCDA08A-84CF-4C2A-955F-7064DBBD7240}.Debug|x64.Build.0 = Debug|x64
		{6DCDA08A-84CF-4C2A-955F-7064DBBD7240}.Debug|x86.ActiveCfg = Debug|Win32
		{6DCDA08A-84CF-4C2A-955F-7064DBBD7240}.Debug|x86.Build.0 = Debug|Win32
		{6DCDA08A-84CF-4C2A-955F-7064DBBD7240}.Release|x64.ActiveCfg = Release|x64
		{6DCDA08A-84CF-4C2A-955F-7064DBBD7240}.Release|x64.Build.0 = Release|x64
		{6DCDA08A-84CF-4C2A-955F-7064DBBD7240}.Release|x86.ActiveCfg = Release|Win32
		{6DCDA08A-84CF-4C2A-955F-7064DBBD7240}.Release|x86.Build.0 = Release|Win32
	EndGlobalSection
	GlobalSection(SolutionProperties) = preSolution
		HideSolutionNode = FALSE
	EndGlobalSection
	GlobalSection(ExtensibilityGlobals) = postSolution
		SolutionGuid = {12562635-5E81-4F57-9367-559460D2A666}
	EndGlobalSection
EndGlobal
