
Microsoft Visual Studio Solution File, Format Version 12.00
# Visual Studio Version 17
VisualStudioVersion = 17.3.32825.248
MinimumVisualStudioVersion = 10.0.40219.1
Project("{8BC9CEB8-8B4A-11D0-8D11-00A0C91BC942}") = "Task15_1", "Task15_1\Task15_1.vcxproj", "{B8A5237A-DC67-4DD8-BC1A-DEB0F38F08A1}"
EndProject
Project("{8BC9CEB8-8B4A-11D0-8D11-00A0C91BC942}") = "Task15_2", "Task15_2\Task15_2.vcxproj", "{FEC1F874-8D49-4D68-BA1A-BD0E2A05B422}"
EndProject
Project("{8BC9CEB8-8B4A-11D0-8D11-00A0C91BC942}") = "Task15_3", "Task15_3\Task15_3.vcxproj", "{C9072A04-EDE6-41B2-9EE9-B8860EF12148}"
EndProject
Project("{8BC9CEB8-8B4A-11D0-8D11-00A0C91BC942}") = "Task15_4", "Task15_4\Task15_4.vcxproj", "{6CD1EA58-1571-4363-A919-1CD945DE4555}"
EndProject
Global
	GlobalSection(SolutionConfigurationPlatforms) = preSolution
		Debug|x64 = Debug|x64
		Debug|x86 = Debug|x86
		Release|x64 = Release|x64
		Release|x86 = Release|x86
	EndGlobalSection
	GlobalSection(ProjectConfigurationPlatforms) = postSolution
		{B8A5237A-DC67-4DD8-BC1A-DEB0F38F08A1}.Debug|x64.ActiveCfg = Debug|x64
		{B8A5237A-DC67-4DD8-BC1A-DEB0F38F08A1}.Debug|x64.Build.0 = Debug|x64
		{B8A5237A-DC67-4DD8-BC1A-DEB0F38F08A1}.Debug|x86.ActiveCfg = Debug|Win32
		{B8A5237A-DC67-4DD8-BC1A-DEB0F38F08A1}.Debug|x86.Build.0 = Debug|Win32
		{B8A5237A-DC67-4DD8-BC1A-DEB0F38F08A1}.Release|x64.ActiveCfg = Release|x64
		{B8A5237A-DC67-4DD8-BC1A-DEB0F38F08A1}.Release|x64.Build.0 = Release|x64
		{B8A5237A-DC67-4DD8-BC1A-DEB0F38F08A1}.Release|x86.ActiveCfg = Release|Win32
		{B8A5237A-DC67-4DD8-BC1A-DEB0F38F08A1}.Release|x86.Build.0 = Release|Win32
		{FEC1F874-8D49-4D68-BA1A-BD0E2A05B422}.Debug|x64.ActiveCfg = Debug|x64
		{FEC1F874-8D49-4D68-BA1A-BD0E2A05B422}.Debug|x64.Build.0 = Debug|x64
		{FEC1F874-8D49-4D68-BA1A-BD0E2A05B422}.Debug|x86.ActiveCfg = Debug|Win32
		{FEC1F874-8D49-4D68-BA1A-BD0E2A05B422}.Debug|x86.Build.0 = Debug|Win32
		{FEC1F874-8D49-4D68-BA1A-BD0E2A05B422}.Release|x64.ActiveCfg = Release|x64
		{FEC1F874-8D49-4D68-BA1A-BD0E2A05B422}.Release|x64.Build.0 = Release|x64
		{FEC1F874-8D49-4D68-BA1A-BD0E2A05B422}.Release|x86.ActiveCfg = Release|Win32
		{FEC1F874-8D49-4D68-BA1A-BD0E2A05B422}.Release|x86.Build.0 = Release|Win32
		{C9072A04-EDE6-41B2-9EE9-B8860EF12148}.Debug|x64.ActiveCfg = Debug|x64
		{C9072A04-EDE6-41B2-9EE9-B8860EF12148}.Debug|x64.Build.0 = Debug|x64
		{C9072A04-EDE6-41B2-9EE9-B8860EF12148}.Debug|x86.ActiveCfg = Debug|Win32
		{C9072A04-EDE6-41B2-9EE9-B8860EF12148}.Debug|x86.Build.0 = Debug|Win32
		{C9072A04-EDE6-41B2-9EE9-B8860EF12148}.Release|x64.ActiveCfg = Release|x64
		{C9072A04-EDE6-41B2-9EE9-B8860EF12148}.Release|x64.Build.0 = Release|x64
		{C9072A04-EDE6-41B2-9EE9-B8860EF12148}.Release|x86.ActiveCfg = Release|Win32
		{C9072A04-EDE6-41B2-9EE9-B8860EF12148}.Release|x86.Build.0 = Release|Win32
		{6CD1EA58-1571-4363-A919-1CD945DE4555}.Debug|x64.ActiveCfg = Debug|x64
		{6CD1EA58-1571-4363-A919-1CD945DE4555}.Debug|x64.Build.0 = Debug|x64
		{6CD1EA58-1571-4363-A919-1CD945DE4555}.Debug|x86.ActiveCfg = Debug|Win32
		{6CD1EA58-1571-4363-A919-1CD945DE4555}.Debug|x86.Build.0 = Debug|Win32
		{6CD1EA58-1571-4363-A919-1CD945DE4555}.Release|x64.ActiveCfg = Release|x64
		{6CD1EA58-1571-4363-A919-1CD945DE4555}.Release|x64.Build.0 = Release|x64
		{6CD1EA58-1571-4363-A919-1CD945DE4555}.Release|x86.ActiveCfg = Release|Win32
		{6CD1EA58-1571-4363-A919-1CD945DE4555}.Release|x86.Build.0 = Release|Win32
	EndGlobalSection
	GlobalSection(SolutionProperties) = preSolution
		HideSolutionNode = FALSE
	EndGlobalSection
	GlobalSection(ExtensibilityGlobals) = postSolution
		SolutionGuid = {A5F952A8-10B2-4C38-B9A2-C0B3F8FC5919}
	EndGlobalSection
EndGlobal
