
Microsoft Visual Studio Solution File, Format Version 12.00
# Visual Studio Version 17
VisualStudioVersion = 17.3.32825.248
MinimumVisualStudioVersion = 10.0.40219.1
Project("{8BC9CEB8-8B4A-11D0-8D11-00A0C91BC942}") = "Task_1", "Task_1\Task_1.vcxproj", "{C784ADD2-A404-45BC-AEE4-DBB5601154D6}"
EndProject
Project("{8BC9CEB8-8B4A-11D0-8D11-00A0C91BC942}") = "Task_2", "Task_2\Task_2.vcxproj", "{A5A5C94E-8099-44D1-921A-A4B025D6A6C4}"
EndProject
Project("{8BC9CEB8-8B4A-11D0-8D11-00A0C91BC942}") = "Task_3", "Task_3\Task_3.vcxproj", "{270B019F-20F8-461F-B6FB-0CFEF01AFD0D}"
EndProject
Project("{8BC9CEB8-8B4A-11D0-8D11-00A0C91BC942}") = "Task_4", "Task_4\Task_4.vcxproj", "{70F9E58B-FB96-4745-BE68-33B4EE8EAB4E}"
EndProject
Project("{8BC9CEB8-8B4A-11D0-8D11-00A0C91BC942}") = "Task_5", "Task_5\Task_5.vcxproj", "{8FD78833-9EA4-4F05-85E3-B659605C0F67}"
EndProject
Project("{8BC9CEB8-8B4A-11D0-8D11-00A0C91BC942}") = "Task_6", "Task_6\Task_6.vcxproj", "{393FE787-237A-4580-AD0E-165010028193}"
EndProject
Global
	GlobalSection(SolutionConfigurationPlatforms) = preSolution
		Debug|x64 = Debug|x64
		Debug|x86 = Debug|x86
		Release|x64 = Release|x64
		Release|x86 = Release|x86
	EndGlobalSection
	GlobalSection(ProjectConfigurationPlatforms) = postSolution
		{C784ADD2-A404-45BC-AEE4-DBB5601154D6}.Debug|x64.ActiveCfg = Debug|x64
		{C784ADD2-A404-45BC-AEE4-DBB5601154D6}.Debug|x64.Build.0 = Debug|x64
		{C784ADD2-A404-45BC-AEE4-DBB5601154D6}.Debug|x86.ActiveCfg = Debug|Win32
		{C784ADD2-A404-45BC-AEE4-DBB5601154D6}.Debug|x86.Build.0 = Debug|Win32
		{C784ADD2-A404-45BC-AEE4-DBB5601154D6}.Release|x64.ActiveCfg = Release|x64
		{C784ADD2-A404-45BC-AEE4-DBB5601154D6}.Release|x64.Build.0 = Release|x64
		{C784ADD2-A404-45BC-AEE4-DBB5601154D6}.Release|x86.ActiveCfg = Release|Win32
		{C784ADD2-A404-45BC-AEE4-DBB5601154D6}.Release|x86.Build.0 = Release|Win32
		{A5A5C94E-8099-44D1-921A-A4B025D6A6C4}.Debug|x64.ActiveCfg = Debug|x64
		{A5A5C94E-8099-44D1-921A-A4B025D6A6C4}.Debug|x64.Build.0 = Debug|x64
		{A5A5C94E-8099-44D1-921A-A4B025D6A6C4}.Debug|x86.ActiveCfg = Debug|Win32
		{A5A5C94E-8099-44D1-921A-A4B025D6A6C4}.Debug|x86.Build.0 = Debug|Win32
		{A5A5C94E-8099-44D1-921A-A4B025D6A6C4}.Release|x64.ActiveCfg = Release|x64
		{A5A5C94E-8099-44D1-921A-A4B025D6A6C4}.Release|x64.Build.0 = Release|x64
		{A5A5C94E-8099-44D1-921A-A4B025D6A6C4}.Release|x86.ActiveCfg = Release|Win32
		{A5A5C94E-8099-44D1-921A-A4B025D6A6C4}.Release|x86.Build.0 = Release|Win32
		{270B019F-20F8-461F-B6FB-0CFEF01AFD0D}.Debug|x64.ActiveCfg = Debug|x64
		{270B019F-20F8-461F-B6FB-0CFEF01AFD0D}.Debug|x64.Build.0 = Debug|x64
		{270B019F-20F8-461F-B6FB-0CFEF01AFD0D}.Debug|x86.ActiveCfg = Debug|Win32
		{270B019F-20F8-461F-B6FB-0CFEF01AFD0D}.Debug|x86.Build.0 = Debug|Win32
		{270B019F-20F8-461F-B6FB-0CFEF01AFD0D}.Release|x64.ActiveCfg = Release|x64
		{270B019F-20F8-461F-B6FB-0CFEF01AFD0D}.Release|x64.Build.0 = Release|x64
		{270B019F-20F8-461F-B6FB-0CFEF01AFD0D}.Release|x86.ActiveCfg = Release|Win32
		{270B019F-20F8-461F-B6FB-0CFEF01AFD0D}.Release|x86.Build.0 = Release|Win32
		{70F9E58B-FB96-4745-BE68-33B4EE8EAB4E}.Debug|x64.ActiveCfg = Debug|x64
		{70F9E58B-FB96-4745-BE68-33B4EE8EAB4E}.Debug|x64.Build.0 = Debug|x64
		{70F9E58B-FB96-4745-BE68-33B4EE8EAB4E}.Debug|x86.ActiveCfg = Debug|Win32
		{70F9E58B-FB96-4745-BE68-33B4EE8EAB4E}.Debug|x86.Build.0 = Debug|Win32
		{70F9E58B-FB96-4745-BE68-33B4EE8EAB4E}.Release|x64.ActiveCfg = Release|x64
		{70F9E58B-FB96-4745-BE68-33B4EE8EAB4E}.Release|x64.Build.0 = Release|x64
		{70F9E58B-FB96-4745-BE68-33B4EE8EAB4E}.Release|x86.ActiveCfg = Release|Win32
		{70F9E58B-FB96-4745-BE68-33B4EE8EAB4E}.Release|x86.Build.0 = Release|Win32
		{8FD78833-9EA4-4F05-85E3-B659605C0F67}.Debug|x64.ActiveCfg = Debug|x64
		{8FD78833-9EA4-4F05-85E3-B659605C0F67}.Debug|x64.Build.0 = Debug|x64
		{8FD78833-9EA4-4F05-85E3-B659605C0F67}.Debug|x86.ActiveCfg = Debug|Win32
		{8FD78833-9EA4-4F05-85E3-B659605C0F67}.Debug|x86.Build.0 = Debug|Win32
		{8FD78833-9EA4-4F05-85E3-B659605C0F67}.Release|x64.ActiveCfg = Release|x64
		{8FD78833-9EA4-4F05-85E3-B659605C0F67}.Release|x64.Build.0 = Release|x64
		{8FD78833-9EA4-4F05-85E3-B659605C0F67}.Release|x86.ActiveCfg = Release|Win32
		{8FD78833-9EA4-4F05-85E3-B659605C0F67}.Release|x86.Build.0 = Release|Win32
		{393FE787-237A-4580-AD0E-165010028193}.Debug|x64.ActiveCfg = Debug|x64
		{393FE787-237A-4580-AD0E-165010028193}.Debug|x64.Build.0 = Debug|x64
		{393FE787-237A-4580-AD0E-165010028193}.Debug|x86.ActiveCfg = Debug|Win32
		{393FE787-237A-4580-AD0E-165010028193}.Debug|x86.Build.0 = Debug|Win32
		{393FE787-237A-4580-AD0E-165010028193}.Release|x64.ActiveCfg = Release|x64
		{393FE787-237A-4580-AD0E-165010028193}.Release|x64.Build.0 = Release|x64
		{393FE787-237A-4580-AD0E-165010028193}.Release|x86.ActiveCfg = Release|Win32
		{393FE787-237A-4580-AD0E-165010028193}.Release|x86.Build.0 = Release|Win32
	EndGlobalSection
	GlobalSection(SolutionProperties) = preSolution
		HideSolutionNode = FALSE
	EndGlobalSection
	GlobalSection(ExtensibilityGlobals) = postSolution
		SolutionGuid = {5144C7C0-1BDC-4C12-AC4A-03DE6F35E30D}
	EndGlobalSection
EndGlobal
